
Microsoft Visual Studio Solution File, Format Version 12.00
# Visual Studio Version 16
VisualStudioVersion = 16.0.31702.278
MinimumVisualStudioVersion = 10.0.40219.1
Project("{FAE04EC0-301F-11D3-BF4B-00C04F79EFBC}") = "RentACar_vers_nzveche", "RentACar_vers_nzveche\RentACar_vers_nzveche.csproj", "{8EF7D03B-376C-4280-A4F5-77E27F838063}"
EndProject
Global
	GlobalSection(SolutionConfigurationPlatforms) = preSolution
		Debug|Any CPU = Debug|Any CPU
		Release|Any CPU = Release|Any CPU
	EndGlobalSection
	GlobalSection(ProjectConfigurationPlatforms) = postSolution
		{8EF7D03B-376C-4280-A4F5-77E27F838063}.Debug|Any CPU.ActiveCfg = Debug|Any CPU
		{8EF7D03B-376C-4280-A4F5-77E27F838063}.Debug|Any CPU.Build.0 = Debug|Any CPU
		{8EF7D03B-376C-4280-A4F5-77E27F838063}.Release|Any CPU.ActiveCfg = Release|Any CPU
		{8EF7D03B-376C-4280-A4F5-77E27F838063}.Release|Any CPU.Build.0 = Release|Any CPU
	EndGlobalSection
	GlobalSection(SolutionProperties) = preSolution
		HideSolutionNode = FALSE
	EndGlobalSection
	GlobalSection(ExtensibilityGlobals) = postSolution
		SolutionGuid = {7F6CDF9A-E1D2-473F-B172-18E1340CAD21}
	EndGlobalSection
EndGlobal
